[[package]]
name = "asgiref"
version = "3.5.0"
description = "ASGI specs, helper code, and adapters"
category = "main"
optional = false
python-versions = ">=3.7"

[package.extras]
tests = ["pytest", "pytest-asyncio", "mypy (>=0.800)"]

[package.source]
type = "legacy"
url = "https://www.piwheels.org/simple"
reference = 'piwheel'

[[package]]
name = "bcrypt"
version = "3.2.0"
description = "Modern password hashing for your software and your servers"
category = "main"
optional = false
python-versions = ">=3.6"

[package.dependencies]
cffi = ">=1.1"
six = ">=1.4.1"

[package.extras]
tests = ["pytest (>=3.2.1,!=3.3.0)"]
typecheck = ["mypy"]

[package.source]
type = "legacy"
url = "https://www.piwheels.org/simple"
reference = 'piwheel'

[[package]]
name = "certifi"
version = "2021.10.8"
description = "Python package for providing Mozilla's CA Bundle."
category = "dev"
optional = false
python-versions = "*"

[package.source]
type = "legacy"
url = "https://www.piwheels.org/simple"
reference = 'piwheel'

[[package]]
name = "cffi"
version = "1.15.0"
description = "Foreign Function Interface for Python calling C code."
category = "main"
optional = false
python-versions = "*"

[package.dependencies]
pycparser = "*"

[package.source]
type = "legacy"
url = "https://www.piwheels.org/simple"
reference = 'piwheel'

[[package]]
name = "chardet"
version = "3.0.4"
description = "Universal encoding detector for Python 2 and 3"
category = "dev"
optional = false
python-versions = "*"

[package.source]
type = "legacy"
url = "https://www.piwheels.org/simple"
reference = 'piwheel'

[[package]]
name = "cryptography"
version = "36.0.1"
description = "cryptography is a package which provides cryptographic recipes and primitives to Python developers."
category = "main"
optional = false
python-versions = ">=3.6"

[package.dependencies]
cffi = ">=1.12"

[package.extras]
docs = ["sphinx (>=1.6.5,!=1.8.0,!=3.1.0,!=3.1.1)", "sphinx-rtd-theme"]
docstest = ["pyenchant (>=1.6.11)", "twine (>=1.12.0)", "sphinxcontrib-spelling (>=4.0.1)"]
pep8test = ["black", "flake8", "flake8-import-order", "pep8-naming"]
sdist = ["setuptools-rust (>=0.11.4)"]
ssh = ["bcrypt (>=3.1.5)"]
test = ["pytest (>=6.2.0)", "pytest-cov", "pytest-subtests", "pytest-xdist", "pretend", "iso8601", "pytz", "hypothesis (>=1.11.4,!=3.79.2)"]

[package.source]
type = "legacy"
url = "https://www.piwheels.org/simple"
reference = 'piwheel'

[[package]]
name = "django"
version = "4.0"
description = "A high-level Python web framework that encourages rapid development and clean, pragmatic design."
category = "main"
optional = false
python-versions = ">=3.8"

[package.dependencies]
asgiref = ">=3.4.1,<4"
sqlparse = ">=0.2.2"
tzdata = {version = "*", markers = "sys_platform == \"win32\""}

[package.extras]
argon2 = ["argon2-cffi (>=19.1.0)"]
bcrypt = ["bcrypt"]

[package.source]
type = "legacy"
url = "https://www.piwheels.org/simple"
reference = 'piwheel'

[[package]]
name = "idna"
version = "2.10"
description = "Internationalized Domain Names in Applications (IDNA)"
category = "dev"
optional = false
python-versions = ">=2.7, !=3.0.*, !=3.1.*, !=3.2.*, !=3.3.*"

[package.source]
type = "legacy"
url = "https://www.piwheels.org/simple"
reference = 'piwheel'

[[package]]
name = "paramiko"
version = "2.7.1"
description = "SSH2 protocol library"
category = "main"
optional = false
python-versions = "*"

[package.dependencies]
bcrypt = ">=3.1.3"
cryptography = ">=2.5"
pynacl = ">=1.0.1"

[package.extras]
all = ["pyasn1 (>=0.1.7)", "pynacl (>=1.0.1)", "bcrypt (>=3.1.3)", "invoke (>=1.3)", "gssapi (>=1.4.1)", "pywin32 (>=2.1.8)"]
ed25519 = ["pynacl (>=1.0.1)", "bcrypt (>=3.1.3)"]
gssapi = ["pyasn1 (>=0.1.7)", "gssapi (>=1.4.1)", "pywin32 (>=2.1.8)"]
invoke = ["invoke (>=1.3)"]

[package.source]
type = "legacy"
url = "https://www.piwheels.org/simple"
reference = 'piwheel'

[[package]]
name = "psycopg2"
version = "2.8.5"
description = "psycopg2 - Python-PostgreSQL Database Adapter"
category = "main"
optional = false
python-versions = ">=2.7,!=3.0.*,!=3.1.*,!=3.2.*,!=3.3.*"

[package.source]
type = "legacy"
url = "https://www.piwheels.org/simple"
reference = 'piwheel'

[[package]]
name = "psycopg2-binary"
version = "2.8.5"
description = "psycopg2 - Python-PostgreSQL Database Adapter"
category = "main"
optional = false
python-versions = ">=2.7,!=3.0.*,!=3.1.*,!=3.2.*,!=3.3.*"

[package.source]
type = "legacy"
url = "https://www.piwheels.org/simple"
reference = 'piwheel'

[[package]]
name = "pycparser"
version = "2.21"
description = "C parser in Python"
category = "main"
optional = false
python-versions = ">=2.7, !=3.0.*, !=3.1.*, !=3.2.*, !=3.3.*"

[package.source]
type = "legacy"
url = "https://www.piwheels.org/simple"
reference = 'piwheel'

[[package]]
name = "pynacl"
version = "1.5.0"
description = "Python binding to the Networking and Cryptography (NaCl) library"
category = "main"
optional = false
python-versions = ">=3.6"

[package.dependencies]
cffi = ">=1.4.1"

[package.extras]
docs = ["sphinx (>=1.6.5)", "sphinx-rtd-theme"]
tests = ["pytest (>=3.2.1,!=3.3.0)", "hypothesis (>=3.27.0)"]

[package.source]
type = "legacy"
url = "https://www.piwheels.org/simple"
reference = 'piwheel'

[[package]]
name = "requests"
version = "2.25.0"
description = "Python HTTP for Humans."
category = "dev"
optional = false
python-versions = ">=2.7, !=3.0.*, !=3.1.*, !=3.2.*, !=3.3.*, !=3.4.*"

[package.dependencies]
certifi = ">=2017.4.17"
chardet = ">=3.0.2,<4"
idna = ">=2.5,<3"
urllib3 = ">=1.21.1,<1.27"

[package.extras]
security = ["pyOpenSSL (>=0.14)", "cryptography (>=1.3.4)"]
socks = ["PySocks (>=1.5.6,!=1.5.7)", "win-inet-pton"]

[package.source]
type = "legacy"
url = "https://www.piwheels.org/simple"
reference = 'piwheel'

[[package]]
name = "six"
version = "1.16.0"
description = "Python 2 and 3 compatibility utilities"
category = "main"
optional = false
python-versions = ">=2.7, !=3.0.*, !=3.1.*, !=3.2.*"

[package.source]
type = "legacy"
url = "https://www.piwheels.org/simple"
reference = 'piwheel'

[[package]]
name = "sqlparse"
version = "0.4.2"
description = "A non-validating SQL parser."
category = "main"
optional = false
python-versions = ">=3.5"

[package.source]
type = "legacy"
url = "https://www.piwheels.org/simple"
reference = 'piwheel'

[[package]]
name = "tzdata"
version = "2021.5"
description = "Provider of IANA time zone data"
category = "main"
optional = false
python-versions = ">=2"

[package.source]
type = "legacy"
url = "https://www.piwheels.org/simple"
reference = 'piwheel'

[[package]]
name = "urllib3"
version = "1.26.8"
description = "HTTP library with thread-safe connection pooling, file post, and more."
category = "main"
optional = false
python-versions = ">=2.7, !=3.0.*, !=3.1.*, !=3.2.*, !=3.3.*, !=3.4.*, <4"

[package.extras]
secure = ["pyOpenSSL (>=0.14)", "cryptography (>=1.3.4)", "idna (>=2.0.0)", "certifi", "ipaddress"]
socks = ["PySocks (>=1.5.6,!=1.5.7,<2.0)"]
brotli = ["brotlipy (>=0.6.0)"]

[package.source]
type = "legacy"
url = "https://www.piwheels.org/simple"
reference = 'piwheel'

[metadata]
lock-version = "1.1"
python-versions = "3.9.2"
content-hash = "08619668441b6e90a552a0ae2ab0455e72137fd2da8951c5a5a3ee5257a3b328"

[metadata.files]
asgiref = [
    {file = "asgiref-3.5.0-py3-none-any.whl", hash = "sha256:4b9bbdce2c042f6b2eb4825ccc27e08d1c2f8fcca65f8daf7ebd7a3c9a215527"},
]
bcrypt = [
    {file = "bcrypt-3.2.0-cp37-cp37m-linux_armv6l.whl", hash = "sha256:df197335752e404a851665d22d5f5f93a2512bbf20c15f74ce5af5b4b8aa6fc1"},
    {file = "bcrypt-3.2.0-cp37-cp37m-linux_armv7l.whl", hash = "sha256:df197335752e404a851665d22d5f5f93a2512bbf20c15f74ce5af5b4b8aa6fc1"},
    {file = "bcrypt-3.2.0-cp39-cp39-linux_armv6l.whl", hash = "sha256:1cb6ae75b98c1763e62e3e88e06f98b7a5fa4c9526fbd019aef1b0f8c6dbd062"},
    {file = "bcrypt-3.2.0-cp39-cp39-linux_armv7l.whl", hash = "sha256:1cb6ae75b98c1763e62e3e88e06f98b7a5fa4c9526fbd019aef1b0f8c6dbd062"},
]
certifi = [
    {file = "certifi-2021.10.8-py2.py3-none-any.whl", hash = "sha256:eaf5fd6a051cba81570919009491fc35069c99da0dd8d57304930ee7a5699fb0"},
]
cffi = [
    {file = "cffi-1.15.0-cp35-cp35m-linux_armv6l.whl", hash = "sha256:9c39a248297b514b4074a3250291298c2daa40993998e36067f5f4b9e82c8e5a"},
    {file = "cffi-1.15.0-cp35-cp35m-linux_armv7l.whl", hash = "sha256:9c39a248297b514b4074a3250291298c2daa40993998e36067f5f4b9e82c8e5a"},
    {file = "cffi-1.15.0-cp37-cp37m-linux_armv6l.whl", hash = "sha256:2b4d29d69a6c852eb902b54f0a140f98ef20cb1fde000923e8f9aafd07fa7e70"},
    {file = "cffi-1.15.0-cp37-cp37m-linux_armv7l.whl", hash = "sha256:2b4d29d69a6c852eb902b54f0a140f98ef20cb1fde000923e8f9aafd07fa7e70"},
    {file = "cffi-1.15.0-cp39-cp39-linux_armv6l.whl", hash = "sha256:9733677bd97cecb003f62fc919a3bf6af0449e1e20a8cb8578c1fcbb0bd8881d"},
    {file = "cffi-1.15.0-cp39-cp39-linux_armv7l.whl", hash = "sha256:9733677bd97cecb003f62fc919a3bf6af0449e1e20a8cb8578c1fcbb0bd8881d"},
]
chardet = [
    {file = "chardet-3.0.4-py2.py3-none-any.whl", hash = "sha256:fc323ffcaeaed0e0a02bf4d117757b98aed530d9ed4531e3e15460124c106691"},
]
cryptography = [
    {file = "cryptography-36.0.1-cp37-cp37m-linux_armv6l.whl", hash = "sha256:d36a95532c74adae3c11dd375652d042437417a766b2750835cc8bed2af32fa6"},
    {file = "cryptography-36.0.1-cp37-cp37m-linux_armv7l.whl", hash = "sha256:d36a95532c74adae3c11dd375652d042437417a766b2750835cc8bed2af32fa6"},
    {file = "cryptography-36.0.1-cp39-cp39-linux_armv6l.whl", hash = "sha256:77ddd77d3850a9fee13d3504332d6229b1c501268f5f8518d1ed4ba6fce773ee"},
    {file = "cryptography-36.0.1-cp39-cp39-linux_armv7l.whl", hash = "sha256:77ddd77d3850a9fee13d3504332d6229b1c501268f5f8518d1ed4ba6fce773ee"},
]
django = [
    {file = "Django-4.0-py3-none-any.whl", hash = "sha256:7d182b319442b1c3986dd7998b189c2cb4324be5fc7aa59d2f5c9afbd22cd9f8"},
]
idna = [
    {file = "idna-2.10-py2.py3-none-any.whl", hash = "sha256:4a57a6379512ade94fa99e2fa46d3cd0f2f553040548d0e2958c6ed90ee48226"},
]
paramiko = [
    {file = "paramiko-2.7.1-py2.py3-none-any.whl", hash = "sha256:9c980875fa4d2cb751604664e9a2d0f69096643f5be4db1b99599fe114a97b2f"},
]
psycopg2 = [
    {file = "psycopg2-2.8.5-cp34-cp34m-linux_armv6l.whl", hash = "sha256:6db1a20deb9e08e124077baa4728a0e52298f3e4a0e92e99a909a711f573fa5c"},
    {file = "psycopg2-2.8.5-cp34-cp34m-linux_armv7l.whl", hash = "sha256:6db1a20deb9e08e124077baa4728a0e52298f3e4a0e92e99a909a711f573fa5c"},
    {file = "psycopg2-2.8.5-cp35-cp35m-linux_armv6l.whl", hash = "sha256:10d5ac4c5982f3ebef8864fea51896fbd70730be2912f06337a54146c0d7127e"},
    {file = "psycopg2-2.8.5-cp35-cp35m-linux_armv7l.whl", hash = "sha256:10d5ac4c5982f3ebef8864fea51896fbd70730be2912f06337a54146c0d7127e"},
    {file = "psycopg2-2.8.5-cp37-cp37m-linux_armv6l.whl", hash = "sha256:2fc4cb454686f748446b4c8c7e4827718bb7e85002090c9ed99a1c2c6688040e"},
    {file = "psycopg2-2.8.5-cp37-cp37m-linux_armv7l.whl", hash = "sha256:2fc4cb454686f748446b4c8c7e4827718bb7e85002090c9ed99a1c2c6688040e"},
    {file = "psycopg2-2.8.5-cp39-cp39-linux_armv6l.whl", hash = "sha256:15490b91b2064e5dcec01f2c63679d2c3a85f6ab82d07d7c9ec8f09c2b7bfb51"},
    {file = "psycopg2-2.8.5-cp39-cp39-linux_armv7l.whl", hash = "sha256:15490b91b2064e5dcec01f2c63679d2c3a85f6ab82d07d7c9ec8f09c2b7bfb51"},
]
psycopg2-binary = [
    {file = "psycopg2_binary-2.8.5-cp34-cp34m-linux_armv6l.whl", hash = "sha256:e707950c2aad8321bb594031e10732f3841dce2552eac68dae829d955d35b4d3"},
    {file = "psycopg2_binary-2.8.5-cp34-cp34m-linux_armv7l.whl", hash = "sha256:e707950c2aad8321bb594031e10732f3841dce2552eac68dae829d955d35b4d3"},
    {file = "psycopg2_binary-2.8.5-cp35-cp35m-linux_armv6l.whl", hash = "sha256:dbeb4a229d4d6d9ed996128c0b56e967373ccb54080e934e4b389aa4460d7267"},
    {file = "psycopg2_binary-2.8.5-cp35-cp35m-linux_armv7l.whl", hash = "sha256:dbeb4a229d4d6d9ed996128c0b56e967373ccb54080e934e4b389aa4460d7267"},
    {file = "psycopg2_binary-2.8.5-cp37-cp37m-linux_armv6l.whl", hash = "sha256:552585fc5f542fde5bb284a2af273850be44e4784f973fc496915f333aa0133f"},
    {file = "psycopg2_binary-2.8.5-cp37-cp37m-linux_armv7l.whl", hash = "sha256:552585fc5f542fde5bb284a2af273850be44e4784f973fc496915f333aa0133f"},
    {file = "psycopg2_binary-2.8.5-cp39-cp39-linux_armv6l.whl", hash = "sha256:d92db270316eab4a3903616cc10dd888f2a2d0236da89d92361bbb99c89942eb"},
    {file = "psycopg2_binary-2.8.5-cp39-cp39-linux_armv7l.whl", hash = "sha256:d92db270316eab4a3903616cc10dd888f2a2d0236da89d92361bbb99c89942eb"},
]
pycparser = [
    {file = "pycparser-2.21-py2.py3-none-any.whl", hash = "sha256:ab326306c89cc646bc81ba2337c513f967faf2b3457985e1c63180adf1ada044"},
]
pynacl = [
    {file = "PyNaCl-1.5.0-cp37-cp37m-linux_armv6l.whl", hash = "sha256:11ac2fcb9012b1318722b7235a61bb9c11b4503b76caff578b460a0a42ae65a4"},
    {file = "PyNaCl-1.5.0-cp37-cp37m-linux_armv7l.whl", hash = "sha256:11ac2fcb9012b1318722b7235a61bb9c11b4503b76caff578b460a0a42ae65a4"},
    {file = "PyNaCl-1.5.0-cp39-cp39-linux_armv6l.whl", hash = "sha256:a564aa68646c21741d860b1b66082f2562b9958afd60f12294915a078c61edcf"},
    {file = "PyNaCl-1.5.0-cp39-cp39-linux_armv7l.whl", hash = "sha256:a564aa68646c21741d860b1b66082f2562b9958afd60f12294915a078c61edcf"},
]
requests = [
    {file = "requests-2.25.0-py2.py3-none-any.whl", hash = "sha256:e786fa28d8c9154e6a4de5d46a1d921b8749f8b74e28bde23768e5e16eece998"},
]
six = [
    {file = "six-1.16.0-py2.py3-none-any.whl", hash = "sha256:8abb2f1d86890a2dfb989f9a77cfcfd3e47c2a354b01111771326f8aa26e0254"},
]
sqlparse = [
    {file = "sqlparse-0.4.2-py3-none-any.whl", hash = "sha256:143025bddc0acbaa7e1b40441056fc898c597d907f89e5605458c1c657dbc210"},
]
tzdata = [
    {file = "tzdata-2021.5-py2.py3-none-any.whl", hash = "sha256:e6bb85f1434e30236adcc1168e2372a3a2b8efb99bcb733802c1fed7c442157d"},
]
urllib3 = [
    {file = "urllib3-1.26.8-py2.py3-none-any.whl", hash = "sha256:efbdd6e3ba8c0a5ff0eb83ce85a4e38a5a9101c61ff2b1f5e2c0190a6e1de1a1"},
]
